
Microsoft Visual Studio Solution File, Format Version 12.00
# Visual Studio Version 17
VisualStudioVersion = 17.0.31903.59
MinimumVisualStudioVersion = 10.0.40219.1
Project("{FAE04EC0-301F-11D3-BF4B-00C04F79EFBC}") = "Mahjong.Plugin.Dalamud", "Mahjong.Plugin.Dalamud\Mahjong.Plugin.Dalamud.csproj", "{7A4B3F6E-1D22-4D0F-A3F9-1B6C9D3E2A10}"
EndProject
Project("{FAE04EC0-301F-11D3-BF4B-00C04F79EFBC}") = "Mahjong.Engine", "Mahjong.Engine\Mahjong.Engine.csproj", "{C51972EC-095F-4CD3-B749-A88ECBA9BBF4}"
EndProject
Project("{2150E333-8FDC-42A3-9474-1A3956D46DE8}") = "tests", "tests", "{0AB3BF05-4346-4AA6-1389-037BE0695223}"
EndProject
Project("{FAE04EC0-301F-11D3-BF4B-00C04F79EFBC}") = "Mahjong.Engine.Tests", "tests\Mahjong.Engine.Tests\Mahjong.Engine.Tests.csproj", "{7C352398-CF81-45F6-82F2-7DA5DB3C9707}"
EndProject
Project("{FAE04EC0-301F-11D3-BF4B-00C04F79EFBC}") = "Mahjong.Policy", "Mahjong.Policy\Mahjong.Policy.csproj", "{0D6AC563-202D-4256-9348-3F010E7F4D7F}"
EndProject
Project("{FAE04EC0-301F-11D3-BF4B-00C04F79EFBC}") = "Mahjong.Policy.Tests", "tests\Mahjong.Policy.Tests\Mahjong.Policy.Tests.csproj", "{4E46CF71-D6EE-49CD-A180-13D0859FD022}"
EndProject
Project("{FAE04EC0-301F-11D3-BF4B-00C04F79EFBC}") = "Mahjong.Core", "Mahjong.Core\Mahjong.Core.csproj", "{D3E613FE-298F-4C53-856B-440328CF994B}"
EndProject
Project("{FAE04EC0-301F-11D3-BF4B-00C04F79EFBC}") = "Mahjong.Core.Tests", "tests\Mahjong.Core.Tests\Mahjong.Core.Tests.csproj", "{124F8B69-0A67-4B3D-8A1D-76E96A741EA8}"
EndProject
Project("{FAE04EC0-301F-11D3-BF4B-00C04F79EFBC}") = "Mahjong.Rules", "Mahjong.Rules\Mahjong.Rules.csproj", "{B31B4257-EA8A-48A2-9117-5CE269AB2400}"
EndProject
Project("{FAE04EC0-301F-11D3-BF4B-00C04F79EFBC}") = "Mahjong.Rules.Tests", "tests\Mahjong.Rules.Tests\Mahjong.Rules.Tests.csproj", "{21D8BDC9-DBF7-4181-AF63-694C3AD1354B}"
EndProject
Project("{FAE04EC0-301F-11D3-BF4B-00C04F79EFBC}") = "Mahjong.Policy.Abstractions", "Mahjong.Policy.Abstractions\Mahjong.Policy.Abstractions.csproj", "{0BE0E610-9670-4D55-B615-02BF2006BD04}"
EndProject
Project("{FAE04EC0-301F-11D3-BF4B-00C04F79EFBC}") = "Mahjong.Replay", "Mahjong.Replay\Mahjong.Replay.csproj", "{12E7E67A-7F2B-4BD7-95DE-FDC904C30BE7}"
EndProject
Project("{FAE04EC0-301F-11D3-BF4B-00C04F79EFBC}") = "Mahjong.Replay.Tests", "tests\Mahjong.Replay.Tests\Mahjong.Replay.Tests.csproj", "{BBC908BA-B39A-4252-B39B-F39A7045BB75}"
EndProject
Project("{FAE04EC0-301F-11D3-BF4B-00C04F79EFBC}") = "Mahjong.Plugin.Game", "Mahjong.Plugin.Game\Mahjong.Plugin.Game.csproj", "{A1255599-633B-434F-BB5C-09CF18C23E62}"
EndProject
Project("{FAE04EC0-301F-11D3-BF4B-00C04F79EFBC}") = "Mahjong.Plugin.Game.Tests", "tests\Mahjong.Plugin.Game.Tests\Mahjong.Plugin.Game.Tests.csproj", "{C0159C4B-2692-4EE4-A607-A4A31C359587}"
EndProject
Project("{FAE04EC0-301F-11D3-BF4B-00C04F79EFBC}") = "Mahjong.Plugin.Dalamud.Tests", "tests\Mahjong.Plugin.Dalamud.Tests\Mahjong.Plugin.Dalamud.Tests.csproj", "{6F369FE3-F1A1-454F-AE14-51AAD6FD6505}"
EndProject
Global
	GlobalSection(SolutionConfigurationPlatforms) = preSolution
		Debug|x64 = Debug|x64
		Debug|Any CPU = Debug|Any CPU
		Debug|x86 = Debug|x86
		Release|x64 = Release|x64
		Release|Any CPU = Release|Any CPU
		Release|x86 = Release|x86
	EndGlobalSection
	GlobalSection(ProjectConfigurationPlatforms) = postSolution
		{7A4B3F6E-1D22-4D0F-A3F9-1B6C9D3E2A10}.Debug|x64.ActiveCfg = Debug|x64
		{7A4B3F6E-1D22-4D0F-A3F9-1B6C9D3E2A10}.Debug|x64.Build.0 = Debug|x64
		{7A4B3F6E-1D22-4D0F-A3F9-1B6C9D3E2A10}.Debug|Any CPU.ActiveCfg = Debug|Any CPU
		{7A4B3F6E-1D22-4D0F-A3F9-1B6C9D3E2A10}.Debug|Any CPU.Build.0 = Debug|Any CPU
		{7A4B3F6E-1D22-4D0F-A3F9-1B6C9D3E2A10}.Debug|x86.ActiveCfg = Debug|Any CPU
		{7A4B3F6E-1D22-4D0F-A3F9-1B6C9D3E2A10}.Debug|x86.Build.0 = Debug|Any CPU
		{7A4B3F6E-1D22-4D0F-A3F9-1B6C9D3E2A10}.Release|x64.ActiveCfg = Release|x64
		{7A4B3F6E-1D22-4D0F-A3F9-1B6C9D3E2A10}.Release|x64.Build.0 = Release|x64
		{7A4B3F6E-1D22-4D0F-A3F9-1B6C9D3E2A10}.Release|Any CPU.ActiveCfg = Release|Any CPU
		{7A4B3F6E-1D22-4D0F-A3F9-1B6C9D3E2A10}.Release|Any CPU.Build.0 = Release|Any CPU
		{7A4B3F6E-1D22-4D0F-A3F9-1B6C9D3E2A10}.Release|x86.ActiveCfg = Release|Any CPU
		{7A4B3F6E-1D22-4D0F-A3F9-1B6C9D3E2A10}.Release|x86.Build.0 = Release|Any CPU
		{C51972EC-095F-4CD3-B749-A88ECBA9BBF4}.Debug|x64.ActiveCfg = Debug|Any CPU
		{C51972EC-095F-4CD3-B749-A88ECBA9BBF4}.Debug|x64.Build.0 = Debug|Any CPU
		{C51972EC-095F-4CD3-B749-A88ECBA9BBF4}.Debug|Any CPU.ActiveCfg = Debug|Any CPU
		{C51972EC-095F-4CD3-B749-A88ECBA9BBF4}.Debug|Any CPU.Build.0 = Debug|Any CPU
		{C51972EC-095F-4CD3-B749-A88ECBA9BBF4}.Debug|x86.ActiveCfg = Debug|Any CPU
		{C51972EC-095F-4CD3-B749-A88ECBA9BBF4}.Debug|x86.Build.0 = Debug|Any CPU
		{C51972EC-095F-4CD3-B749-A88ECBA9BBF4}.Release|x64.ActiveCfg = Release|Any CPU
		{C51972EC-095F-4CD3-B749-A88ECBA9BBF4}.Release|x64.Build.0 = Release|Any CPU
		{C51972EC-095F-4CD3-B749-A88ECBA9BBF4}.Release|Any CPU.ActiveCfg = Release|Any CPU
		{C51972EC-095F-4CD3-B749-A88ECBA9BBF4}.Release|Any CPU.Build.0 = Release|Any CPU
		{C51972EC-095F-4CD3-B749-A88ECBA9BBF4}.Release|x86.ActiveCfg = Release|Any CPU
		{C51972EC-095F-4CD3-B749-A88ECBA9BBF4}.Release|x86.Build.0 = Release|Any CPU
		{7C352398-CF81-45F6-82F2-7DA5DB3C9707}.Debug|x64.ActiveCfg = Debug|Any CPU
		{7C352398-CF81-45F6-82F2-7DA5DB3C9707}.Debug|x64.Build.0 = Debug|Any CPU
		{7C352398-CF81-45F6-82F2-7DA5DB3C9707}.Debug|Any CPU.ActiveCfg = Debug|Any CPU
		{7C352398-CF81-45F6-82F2-7DA5DB3C9707}.Debug|Any CPU.Build.0 = Debug|Any CPU
		{7C352398-CF81-45F6-82F2-7DA5DB3C9707}.Debug|x86.ActiveCfg = Debug|Any CPU
		{7C352398-CF81-45F6-82F2-7DA5DB3C9707}.Debug|x86.Build.0 = Debug|Any CPU
		{7C352398-CF81-45F6-82F2-7DA5DB3C9707}.Release|x64.ActiveCfg = Release|Any CPU
		{7C352398-CF81-45F6-82F2-7DA5DB3C9707}.Release|x64.Build.0 = Release|Any CPU
		{7C352398-CF81-45F6-82F2-7DA5DB3C9707}.Release|Any CPU.ActiveCfg = Release|Any CPU
		{7C352398-CF81-45F6-82F2-7DA5DB3C9707}.Release|Any CPU.Build.0 = Release|Any CPU
		{7C352398-CF81-45F6-82F2-7DA5DB3C9707}.Release|x86.ActiveCfg = Release|Any CPU
		{7C352398-CF81-45F6-82F2-7DA5DB3C9707}.Release|x86.Build.0 = Release|Any CPU
		{0D6AC563-202D-4256-9348-3F010E7F4D7F}.Debug|x64.ActiveCfg = Debug|Any CPU
		{0D6AC563-202D-4256-9348-3F010E7F4D7F}.Debug|x64.Build.0 = Debug|Any CPU
		{0D6AC563-202D-4256-9348-3F010E7F4D7F}.Debug|Any CPU.ActiveCfg = Debug|Any CPU
		{0D6AC563-202D-4256-9348-3F010E7F4D7F}.Debug|Any CPU.Build.0 = Debug|Any CPU
		{0D6AC563-202D-4256-9348-3F010E7F4D7F}.Debug|x86.ActiveCfg = Debug|Any CPU
		{0D6AC563-202D-4256-9348-3F010E7F4D7F}.Debug|x86.Build.0 = Debug|Any CPU
		{0D6AC563-202D-4256-9348-3F010E7F4D7F}.Release|x64.ActiveCfg = Release|Any CPU
		{0D6AC563-202D-4256-9348-3F010E7F4D7F}.Release|x64.Build.0 = Release|Any CPU
		{0D6AC563-202D-4256-9348-3F010E7F4D7F}.Release|Any CPU.ActiveCfg = Release|Any CPU
		{0D6AC563-202D-4256-9348-3F010E7F4D7F}.Release|Any CPU.Build.0 = Release|Any CPU
		{0D6AC563-202D-4256-9348-3F010E7F4D7F}.Release|x86.ActiveCfg = Release|Any CPU
		{0D6AC563-202D-4256-9348-3F010E7F4D7F}.Release|x86.Build.0 = Release|Any CPU
		{4E46CF71-D6EE-49CD-A180-13D0859FD022}.Debug|x64.ActiveCfg = Debug|Any CPU
		{4E46CF71-D6EE-49CD-A180-13D0859FD022}.Debug|x64.Build.0 = Debug|Any CPU
		{4E46CF71-D6EE-49CD-A180-13D0859FD022}.Debug|Any CPU.ActiveCfg = Debug|Any CPU
		{4E46CF71-D6EE-49CD-A180-13D0859FD022}.Debug|Any CPU.Build.0 = Debug|Any CPU
		{4E46CF71-D6EE-49CD-A180-13D0859FD022}.Debug|x86.ActiveCfg = Debug|Any CPU
		{4E46CF71-D6EE-49CD-A180-13D0859FD022}.Debug|x86.Build.0 = Debug|Any CPU
		{4E46CF71-D6EE-49CD-A180-13D0859FD022}.Release|x64.ActiveCfg = Release|Any CPU
		{4E46CF71-D6EE-49CD-A180-13D0859FD022}.Release|x64.Build.0 = Release|Any CPU
		{4E46CF71-D6EE-49CD-A180-13D0859FD022}.Release|Any CPU.ActiveCfg = Release|Any CPU
		{4E46CF71-D6EE-49CD-A180-13D0859FD022}.Release|Any CPU.Build.0 = Release|Any CPU
		{4E46CF71-D6EE-49CD-A180-13D0859FD022}.Release|x86.ActiveCfg = Release|Any CPU
		{4E46CF71-D6EE-49CD-A180-13D0859FD022}.Release|x86.Build.0 = Release|Any CPU
		{D3E613FE-298F-4C53-856B-440328CF994B}.Debug|x64.ActiveCfg = Debug|Any CPU
		{D3E613FE-298F-4C53-856B-440328CF994B}.Debug|x64.Build.0 = Debug|Any CPU
		{D3E613FE-298F-4C53-856B-440328CF994B}.Debug|Any CPU.ActiveCfg = Debug|Any CPU
		{D3E613FE-298F-4C53-856B-440328CF994B}.Debug|Any CPU.Build.0 = Debug|Any CPU
		{D3E613FE-298F-4C53-856B-440328CF994B}.Debug|x86.ActiveCfg = Debug|Any CPU
		{D3E613FE-298F-4C53-856B-440328CF994B}.Debug|x86.Build.0 = Debug|Any CPU
		{D3E613FE-298F-4C53-856B-440328CF994B}.Release|x64.ActiveCfg = Release|Any CPU
		{D3E613FE-298F-4C53-856B-440328CF994B}.Release|x64.Build.0 = Release|Any CPU
		{D3E613FE-298F-4C53-856B-440328CF994B}.Release|Any CPU.ActiveCfg = Release|Any CPU
		{D3E613FE-298F-4C53-856B-440328CF994B}.Release|Any CPU.Build.0 = Release|Any CPU
		{D3E613FE-298F-4C53-856B-440328CF994B}.Release|x86.ActiveCfg = Release|Any CPU
		{D3E613FE-298F-4C53-856B-440328CF994B}.Release|x86.Build.0 = Release|Any CPU
		{124F8B69-0A67-4B3D-8A1D-76E96A741EA8}.Debug|x64.ActiveCfg = Debug|Any CPU
		{124F8B69-0A67-4B3D-8A1D-76E96A741EA8}.Debug|x64.Build.0 = Debug|Any CPU
		{124F8B69-0A67-4B3D-8A1D-76E96A741EA8}.Debug|Any CPU.ActiveCfg = Debug|Any CPU
		{124F8B69-0A67-4B3D-8A1D-76E96A741EA8}.Debug|Any CPU.Build.0 = Debug|Any CPU
		{124F8B69-0A67-4B3D-8A1D-76E96A741EA8}.Debug|x86.ActiveCfg = Debug|Any CPU
		{124F8B69-0A67-4B3D-8A1D-76E96A741EA8}.Debug|x86.Build.0 = Debug|Any CPU
		{124F8B69-0A67-4B3D-8A1D-76E96A741EA8}.Release|x64.ActiveCfg = Release|Any CPU
		{124F8B69-0A67-4B3D-8A1D-76E96A741EA8}.Release|x64.Build.0 = Release|Any CPU
		{124F8B69-0A67-4B3D-8A1D-76E96A741EA8}.Release|Any CPU.ActiveCfg = Release|Any CPU
		{124F8B69-0A67-4B3D-8A1D-76E96A741EA8}.Release|Any CPU.Build.0 = Release|Any CPU
		{124F8B69-0A67-4B3D-8A1D-76E96A741EA8}.Release|x86.ActiveCfg = Release|Any CPU
		{124F8B69-0A67-4B3D-8A1D-76E96A741EA8}.Release|x86.Build.0 = Release|Any CPU
		{B31B4257-EA8A-48A2-9117-5CE269AB2400}.Debug|x64.ActiveCfg = Debug|Any CPU
		{B31B4257-EA8A-48A2-9117-5CE269AB2400}.Debug|x64.Build.0 = Debug|Any CPU
		{B31B4257-EA8A-48A2-9117-5CE269AB2400}.Debug|Any CPU.ActiveCfg = Debug|Any CPU
		{B31B4257-EA8A-48A2-9117-5CE269AB2400}.Debug|Any CPU.Build.0 = Debug|Any CPU
		{B31B4257-EA8A-48A2-9117-5CE269AB2400}.Debug|x86.ActiveCfg = Debug|Any CPU
		{B31B4257-EA8A-48A2-9117-5CE269AB2400}.Debug|x86.Build.0 = Debug|Any CPU
		{B31B4257-EA8A-48A2-9117-5CE269AB2400}.Release|x64.ActiveCfg = Release|Any CPU
		{B31B4257-EA8A-48A2-9117-5CE269AB2400}.Release|x64.Build.0 = Release|Any CPU
		{B31B4257-EA8A-48A2-9117-5CE269AB2400}.Release|Any CPU.ActiveCfg = Release|Any CPU
		{B31B4257-EA8A-48A2-9117-5CE269AB2400}.Release|Any CPU.Build.0 = Release|Any CPU
		{B31B4257-EA8A-48A2-9117-5CE269AB2400}.Release|x86.ActiveCfg = Release|Any CPU
		{B31B4257-EA8A-48A2-9117-5CE269AB2400}.Release|x86.Build.0 = Release|Any CPU
		{21D8BDC9-DBF7-4181-AF63-694C3AD1354B}.Debug|x64.ActiveCfg = Debug|Any CPU
		{21D8BDC9-DBF7-4181-AF63-694C3AD1354B}.Debug|x64.Build.0 = Debug|Any CPU
		{21D8BDC9-DBF7-4181-AF63-694C3AD1354B}.Debug|Any CPU.ActiveCfg = Debug|Any CPU
		{21D8BDC9-DBF7-4181-AF63-694C3AD1354B}.Debug|Any CPU.Build.0 = Debug|Any CPU
		{21D8BDC9-DBF7-4181-AF63-694C3AD1354B}.Debug|x86.ActiveCfg = Debug|Any CPU
		{21D8BDC9-DBF7-4181-AF63-694C3AD1354B}.Debug|x86.Build.0 = Debug|Any CPU
		{21D8BDC9-DBF7-4181-AF63-694C3AD1354B}.Release|x64.ActiveCfg = Release|Any CPU
		{21D8BDC9-DBF7-4181-AF63-694C3AD1354B}.Release|x64.Build.0 = Release|Any CPU
		{21D8BDC9-DBF7-4181-AF63-694C3AD1354B}.Release|Any CPU.ActiveCfg = Release|Any CPU
		{21D8BDC9-DBF7-4181-AF63-694C3AD1354B}.Release|Any CPU.Build.0 = Release|Any CPU
		{21D8BDC9-DBF7-4181-AF63-694C3AD1354B}.Release|x86.ActiveCfg = Release|Any CPU
		{21D8BDC9-DBF7-4181-AF63-694C3AD1354B}.Release|x86.Build.0 = Release|Any CPU
		{0BE0E610-9670-4D55-B615-02BF2006BD04}.Debug|x64.ActiveCfg = Debug|Any CPU
		{0BE0E610-9670-4D55-B615-02BF2006BD04}.Debug|x64.Build.0 = Debug|Any CPU
		{0BE0E610-9670-4D55-B615-02BF2006BD04}.Debug|Any CPU.ActiveCfg = Debug|Any CPU
		{0BE0E610-9670-4D55-B615-02BF2006BD04}.Debug|Any CPU.Build.0 = Debug|Any CPU
		{0BE0E610-9670-4D55-B615-02BF2006BD04}.Debug|x86.ActiveCfg = Debug|Any CPU
		{0BE0E610-9670-4D55-B615-02BF2006BD04}.Debug|x86.Build.0 = Debug|Any CPU
		{0BE0E610-9670-4D55-B615-02BF2006BD04}.Release|x64.ActiveCfg = Release|Any CPU
		{0BE0E610-9670-4D55-B615-02BF2006BD04}.Release|x64.Build.0 = Release|Any CPU
		{0BE0E610-9670-4D55-B615-02BF2006BD04}.Release|Any CPU.ActiveCfg = Release|Any CPU
		{0BE0E610-9670-4D55-B615-02BF2006BD04}.Release|Any CPU.Build.0 = Release|Any CPU
		{0BE0E610-9670-4D55-B615-02BF2006BD04}.Release|x86.ActiveCfg = Release|Any CPU
		{0BE0E610-9670-4D55-B615-02BF2006BD04}.Release|x86.Build.0 = Release|Any CPU
		{12E7E67A-7F2B-4BD7-95DE-FDC904C30BE7}.Debug|x64.ActiveCfg = Debug|Any CPU
		{12E7E67A-7F2B-4BD7-95DE-FDC904C30BE7}.Debug|x64.Build.0 = Debug|Any CPU
		{12E7E67A-7F2B-4BD7-95DE-FDC904C30BE7}.Debug|Any CPU.ActiveCfg = Debug|Any CPU
		{12E7E67A-7F2B-4BD7-95DE-FDC904C30BE7}.Debug|Any CPU.Build.0 = Debug|Any CPU
		{12E7E67A-7F2B-4BD7-95DE-FDC904C30BE7}.Debug|x86.ActiveCfg = Debug|Any CPU
		{12E7E67A-7F2B-4BD7-95DE-FDC904C30BE7}.Debug|x86.Build.0 = Debug|Any CPU
		{12E7E67A-7F2B-4BD7-95DE-FDC904C30BE7}.Release|x64.ActiveCfg = Release|Any CPU
		{12E7E67A-7F2B-4BD7-95DE-FDC904C30BE7}.Release|x64.Build.0 = Release|Any CPU
		{12E7E67A-7F2B-4BD7-95DE-FDC904C30BE7}.Release|Any CPU.ActiveCfg = Release|Any CPU
		{12E7E67A-7F2B-4BD7-95DE-FDC904C30BE7}.Release|Any CPU.Build.0 = Release|Any CPU
		{12E7E67A-7F2B-4BD7-95DE-FDC904C30BE7}.Release|x86.ActiveCfg = Release|Any CPU
		{12E7E67A-7F2B-4BD7-95DE-FDC904C30BE7}.Release|x86.Build.0 = Release|Any CPU
		{BBC908BA-B39A-4252-B39B-F39A7045BB75}.Debug|x64.ActiveCfg = Debug|Any CPU
		{BBC908BA-B39A-4252-B39B-F39A7045BB75}.Debug|x64.Build.0 = Debug|Any CPU
		{BBC908BA-B39A-4252-B39B-F39A7045BB75}.Debug|Any CPU.ActiveCfg = Debug|Any CPU
		{BBC908BA-B39A-4252-B39B-F39A7045BB75}.Debug|Any CPU.Build.0 = Debug|Any CPU
		{BBC908BA-B39A-4252-B39B-F39A7045BB75}.Debug|x86.ActiveCfg = Debug|Any CPU
		{BBC908BA-B39A-4252-B39B-F39A7045BB75}.Debug|x86.Build.0 = Debug|Any CPU
		{BBC908BA-B39A-4252-B39B-F39A7045BB75}.Release|x64.ActiveCfg = Release|Any CPU
		{BBC908BA-B39A-4252-B39B-F39A7045BB75}.Release|x64.Build.0 = Release|Any CPU
		{BBC908BA-B39A-4252-B39B-F39A7045BB75}.Release|Any CPU.ActiveCfg = Release|Any CPU
		{BBC908BA-B39A-4252-B39B-F39A7045BB75}.Release|Any CPU.Build.0 = Release|Any CPU
		{BBC908BA-B39A-4252-B39B-F39A7045BB75}.Release|x86.ActiveCfg = Release|Any CPU
		{BBC908BA-B39A-4252-B39B-F39A7045BB75}.Release|x86.Build.0 = Release|Any CPU
		{A1255599-633B-434F-BB5C-09CF18C23E62}.Debug|x64.ActiveCfg = Debug|Any CPU
		{A1255599-633B-434F-BB5C-09CF18C23E62}.Debug|x64.Build.0 = Debug|Any CPU
		{A1255599-633B-434F-BB5C-09CF18C23E62}.Debug|Any CPU.ActiveCfg = Debug|Any CPU
		{A1255599-633B-434F-BB5C-09CF18C23E62}.Debug|Any CPU.Build.0 = Debug|Any CPU
		{A1255599-633B-434F-BB5C-09CF18C23E62}.Debug|x86.ActiveCfg = Debug|Any CPU
		{A1255599-633B-434F-BB5C-09CF18C23E62}.Debug|x86.Build.0 = Debug|Any CPU
		{A1255599-633B-434F-BB5C-09CF18C23E62}.Release|x64.ActiveCfg = Release|Any CPU
		{A1255599-633B-434F-BB5C-09CF18C23E62}.Release|x64.Build.0 = Release|Any CPU
		{A1255599-633B-434F-BB5C-09CF18C23E62}.Release|Any CPU.ActiveCfg = Release|Any CPU
		{A1255599-633B-434F-BB5C-09CF18C23E62}.Release|Any CPU.Build.0 = Release|Any CPU
		{A1255599-633B-434F-BB5C-09CF18C23E62}.Release|x86.ActiveCfg = Release|Any CPU
		{A1255599-633B-434F-BB5C-09CF18C23E62}.Release|x86.Build.0 = Release|Any CPU
		{C0159C4B-2692-4EE4-A607-A4A31C359587}.Debug|x64.ActiveCfg = Debug|Any CPU
		{C0159C4B-2692-4EE4-A607-A4A31C359587}.Debug|x64.Build.0 = Debug|Any CPU
		{C0159C4B-2692-4EE4-A607-A4A31C359587}.Debug|Any CPU.ActiveCfg = Debug|Any CPU
		{C0159C4B-2692-4EE4-A607-A4A31C359587}.Debug|Any CPU.Build.0 = Debug|Any CPU
		{C0159C4B-2692-4EE4-A607-A4A31C359587}.Debug|x86.ActiveCfg = Debug|Any CPU
		{C0159C4B-2692-4EE4-A607-A4A31C359587}.Debug|x86.Build.0 = Debug|Any CPU
		{C0159C4B-2692-4EE4-A607-A4A31C359587}.Release|x64.ActiveCfg = Release|Any CPU
		{C0159C4B-2692-4EE4-A607-A4A31C359587}.Release|x64.Build.0 = Release|Any CPU
		{C0159C4B-2692-4EE4-A607-A4A31C359587}.Release|Any CPU.ActiveCfg = Release|Any CPU
		{C0159C4B-2692-4EE4-A607-A4A31C359587}.Release|Any CPU.Build.0 = Release|Any CPU
		{C0159C4B-2692-4EE4-A607-A4A31C359587}.Release|x86.ActiveCfg = Release|Any CPU
		{C0159C4B-2692-4EE4-A607-A4A31C359587}.Release|x86.Build.0 = Release|Any CPU
		{6F369FE3-F1A1-454F-AE14-51AAD6FD6505}.Debug|x64.ActiveCfg = Debug|Any CPU
		{6F369FE3-F1A1-454F-AE14-51AAD6FD6505}.Debug|x64.Build.0 = Debug|Any CPU
		{6F369FE3-F1A1-454F-AE14-51AAD6FD6505}.Debug|Any CPU.ActiveCfg = Debug|Any CPU
		{6F369FE3-F1A1-454F-AE14-51AAD6FD6505}.Debug|Any CPU.Build.0 = Debug|Any CPU
		{6F369FE3-F1A1-454F-AE14-51AAD6FD6505}.Debug|x86.ActiveCfg = Debug|Any CPU
		{6F369FE3-F1A1-454F-AE14-51AAD6FD6505}.Debug|x86.Build.0 = Debug|Any CPU
		{6F369FE3-F1A1-454F-AE14-51AAD6FD6505}.Release|x64.ActiveCfg = Release|Any CPU
		{6F369FE3-F1A1-454F-AE14-51AAD6FD6505}.Release|x64.Build.0 = Release|Any CPU
		{6F369FE3-F1A1-454F-AE14-51AAD6FD6505}.Release|Any CPU.ActiveCfg = Release|Any CPU
		{6F369FE3-F1A1-454F-AE14-51AAD6FD6505}.Release|Any CPU.Build.0 = Release|Any CPU
		{6F369FE3-F1A1-454F-AE14-51AAD6FD6505}.Release|x86.ActiveCfg = Release|Any CPU
		{6F369FE3-F1A1-454F-AE14-51AAD6FD6505}.Release|x86.Build.0 = Release|Any CPU
	EndGlobalSection
	GlobalSection(SolutionProperties) = preSolution
		HideSolutionNode = FALSE
	EndGlobalSection
	GlobalSection(NestedProjects) = preSolution
		{7C352398-CF81-45F6-82F2-7DA5DB3C9707} = {0AB3BF05-4346-4AA6-1389-037BE0695223}
		{4E46CF71-D6EE-49CD-A180-13D0859FD022} = {0AB3BF05-4346-4AA6-1389-037BE0695223}
		{124F8B69-0A67-4B3D-8A1D-76E96A741EA8} = {0AB3BF05-4346-4AA6-1389-037BE0695223}
		{21D8BDC9-DBF7-4181-AF63-694C3AD1354B} = {0AB3BF05-4346-4AA6-1389-037BE0695223}
		{BBC908BA-B39A-4252-B39B-F39A7045BB75} = {0AB3BF05-4346-4AA6-1389-037BE0695223}
		{C0159C4B-2692-4EE4-A607-A4A31C359587} = {0AB3BF05-4346-4AA6-1389-037BE0695223}
		{6F369FE3-F1A1-454F-AE14-51AAD6FD6505} = {0AB3BF05-4346-4AA6-1389-037BE0695223}
	EndGlobalSection
EndGlobal
